
Microsoft Visual Studio Solution File, Format Version 12.00
# Visual Studio Version 16
VisualStudioVersion = 16.0.30907.101
MinimumVisualStudioVersion = 10.0.40219.1
Project("{FAE04EC0-301F-11D3-BF4B-00C04F79EFBC}") = "ResterauntBillCalcutor", "ResterauntBillCalcutor\ResterauntBillCalcutor.csproj", "{A6C7D996-FEC4-4060-A663-665FF2442C72}"
EndProject
Global
	GlobalSection(SolutionConfigurationPlatforms) = preSolution
		Debug|Any CPU = Debug|Any CPU
		Release|Any CPU = Release|Any CPU
	EndGlobalSection
	GlobalSection(ProjectConfigurationPlatforms) = postSolution
		{A6C7D996-FEC4-4060-A663-665FF2442C72}.Debug|Any CPU.ActiveCfg = Debug|Any CPU
		{A6C7D996-FEC4-4060-A663-665FF2442C72}.Debug|Any CPU.Build.0 = Debug|Any CPU
		{A6C7D996-FEC4-4060-A663-665FF2442C72}.Release|Any CPU.ActiveCfg = Release|Any CPU
		{A6C7D996-FEC4-4060-A663-665FF2442C72}.Release|Any CPU.Build.0 = Release|Any CPU
	EndGlobalSection
	GlobalSection(SolutionProperties) = preSolution
		HideSolutionNode = FALSE
	EndGlobalSection
	GlobalSection(ExtensibilityGlobals) = postSolution
		SolutionGuid = {6E46968A-0C63-4165-837D-D0F470836ED2}
	EndGlobalSection
EndGlobal
